
Microsoft Visual Studio Solution File, Format Version 12.00
# Visual Studio Version 16
VisualStudioVersion = 16.0.32602.291
MinimumVisualStudioVersion = 10.0.40219.1
Project("{FAE04EC0-301F-11D3-BF4B-00C04F79EFBC}") = "BaiTap3", "BaiTap3.csproj", "{C6D517F2-5F90-4CFB-8348-177DBF4DD57D}"
EndProject
Project("{FAE04EC0-301F-11D3-BF4B-00C04F79EFBC}") = "BaiTap4", "..\BaiTap4\BaiTap4.csproj", "{57BFE62E-FF6C-4B21-BE43-B427F28B092B}"
EndProject
Global
	GlobalSection(SolutionConfigurationPlatforms) = preSolution
		Debug|Any CPU = Debug|Any CPU
		Release|Any CPU = Release|Any CPU
	EndGlobalSection
	GlobalSection(ProjectConfigurationPlatforms) = postSolution
		{C6D517F2-5F90-4CFB-8348-177DBF4DD57D}.Debug|Any CPU.ActiveCfg = Debug|Any CPU
		{C6D517F2-5F90-4CFB-8348-177DBF4DD57D}.Debug|Any CPU.Build.0 = Debug|Any CPU
		{C6D517F2-5F90-4CFB-8348-177DBF4DD57D}.Release|Any CPU.ActiveCfg = Release|Any CPU
		{C6D517F2-5F90-4CFB-8348-177DBF4DD57D}.Release|Any CPU.Build.0 = Release|Any CPU
		{57BFE62E-FF6C-4B21-BE43-B427F28B092B}.Debug|Any CPU.ActiveCfg = Debug|Any CPU
		{57BFE62E-FF6C-4B21-BE43-B427F28B092B}.Debug|Any CPU.Build.0 = Debug|Any CPU
		{57BFE62E-FF6C-4B21-BE43-B427F28B092B}.Release|Any CPU.ActiveCfg = Release|Any CPU
		{57BFE62E-FF6C-4B21-BE43-B427F28B092B}.Release|Any CPU.Build.0 = Release|Any CPU
	EndGlobalSection
	GlobalSection(SolutionProperties) = preSolution
		HideSolutionNode = FALSE
	EndGlobalSection
	GlobalSection(ExtensibilityGlobals) = postSolution
		SolutionGuid = {1768B853-7782-4AE8-AC55-E6B2F34F9CE5}
	EndGlobalSection
EndGlobal
