
Microsoft Visual Studio Solution File, Format Version 12.00
# Visual Studio Version 16
VisualStudioVersion = 16.0.32602.291
MinimumVisualStudioVersion = 10.0.40219.1
Project("{FAE04EC0-301F-11D3-BF4B-00C04F79EFBC}") = "BaiTap5", "BaiTap5.csproj", "{4C26141F-B804-4E41-80A3-2917EBCC2B2B}"
EndProject
Global
	GlobalSection(SolutionConfigurationPlatforms) = preSolution
		Debug|Any CPU = Debug|Any CPU
		Release|Any CPU = Release|Any CPU
	EndGlobalSection
	GlobalSection(ProjectConfigurationPlatforms) = postSolution
		{4C26141F-B804-4E41-80A3-2917EBCC2B2B}.Debug|Any CPU.ActiveCfg = Debug|Any CPU
		{4C26141F-B804-4E41-80A3-2917EBCC2B2B}.Debug|Any CPU.Build.0 = Debug|Any CPU
		{4C26141F-B804-4E41-80A3-2917EBCC2B2B}.Release|Any CPU.ActiveCfg = Release|Any CPU
		{4C26141F-B804-4E41-80A3-2917EBCC2B2B}.Release|Any CPU.Build.0 = Release|Any CPU
	EndGlobalSection
	GlobalSection(SolutionProperties) = preSolution
		HideSolutionNode = FALSE
	EndGlobalSection
	GlobalSection(ExtensibilityGlobals) = postSolution
		SolutionGuid = {E80872D8-9EBF-4CA6-AA9F-F9D37F34C7EE}
	EndGlobalSection
EndGlobal
